// !$*UTF8*$!
{
	archiveVersion = 1;
	classes = {
	};
	objectVersion = 55;
	objects = {

/* Begin PBXBuildFile section */
		864A701B2889C33F00B665AA /* file.txt in Resources */ = {isa = PBXBuildFile; fileRef = 864A701A2889C33E00B665AA /* file.txt */; };
		864A701D2889C52D00B665AA /* Explicitness.swift in Sources */ = {isa = PBXBuildFile; fileRef = 864A701C2889C52D00B665AA /* Explicitness.swift */; };
		864A701F2889C5B800B665AA /* Country.swift in Sources */ = {isa = PBXBuildFile; fileRef = 864A701E2889C5B800B665AA /* Country.swift */; };
		864A70212889C5FB00B665AA /* Currency.swift in Sources */ = {isa = PBXBuildFile; fileRef = 864A70202889C5FB00B665AA /* Currency.swift */; };
		864A70232889C63500B665AA /* Kind.swift in Sources */ = {isa = PBXBuildFile; fileRef = 864A70222889C63500B665AA /* Kind.swift */; };
		864A70252889C6AE00B665AA /* WrapperType.swift in Sources */ = {isa = PBXBuildFile; fileRef = 864A70242889C6AE00B665AA /* WrapperType.swift */; };
		864A70282889D61C00B665AA /* CodingKeys.swift in Sources */ = {isa = PBXBuildFile; fileRef = 864A70272889D61C00B665AA /* CodingKeys.swift */; };
		866DD7902887E65C0095C784 /* AppDelegate.swift in Sources */ = {isa = PBXBuildFile; fileRef = 866DD78F2887E65C0095C784 /* AppDelegate.swift */; };
		866DD7922887E65C0095C784 /* SceneDelegate.swift in Sources */ = {isa = PBXBuildFile; fileRef = 866DD7912887E65C0095C784 /* SceneDelegate.swift */; };
		866DD7942887E65C0095C784 /* ViewController.swift in Sources */ = {isa = PBXBuildFile; fileRef = 866DD7932887E65C0095C784 /* ViewController.swift */; };
		866DD7972887E65C0095C784 /* Main.storyboard in Resources */ = {isa = PBXBuildFile; fileRef = 866DD7952887E65C0095C784 /* Main.storyboard */; };
		866DD79A2887E65C0095C784 /* iTunes.xcdatamodeld in Sources */ = {isa = PBXBuildFile; fileRef = 866DD7982887E65C0095C784 /* iTunes.xcdatamodeld */; };
		866DD79C2887E65D0095C784 /* Assets.xcassets in Resources */ = {isa = PBXBuildFile; fileRef = 866DD79B2887E65D0095C784 /* Assets.xcassets */; };
		866DD79F2887E65D0095C784 /* LaunchScreen.storyboard in Resources */ = {isa = PBXBuildFile; fileRef = 866DD79D2887E65D0095C784 /* LaunchScreen.storyboard */; };
		866DD7A9288863840095C784 /* MusicService.swift in Sources */ = {isa = PBXBuildFile; fileRef = 866DD7A8288863840095C784 /* MusicService.swift */; };
		866DD7AB28886D950095C784 /* Song.swift in Sources */ = {isa = PBXBuildFile; fileRef = 866DD7AA28886D950095C784 /* Song.swift */; };
		866DD7AD28886DAA0095C784 /* Response.swift in Sources */ = {isa = PBXBuildFile; fileRef = 866DD7AC28886DAA0095C784 /* Response.swift */; };
/* End PBXBuildFile section */

/* Begin PBXFileReference section */
		864A701A2889C33E00B665AA /* file.txt */ = {isa = PBXFileReference; fileEncoding = 4; lastKnownFileType = text; path = file.txt; sourceTree = "<group>"; };
		864A701C2889C52D00B665AA /* Explicitness.swift */ = {isa = PBXFileReference; lastKnownFileType = sourcecode.swift; path = Explicitness.swift; sourceTree = "<group>"; };
		864A701E2889C5B800B665AA /* Country.swift */ = {isa = PBXFileReference; lastKnownFileType = sourcecode.swift; path = Country.swift; sourceTree = "<group>"; };
		864A70202889C5FB00B665AA /* Currency.swift */ = {isa = PBXFileReference; lastKnownFileType = sourcecode.swift; path = Currency.swift; sourceTree = "<group>"; };
		864A70222889C63500B665AA /* Kind.swift */ = {isa = PBXFileReference; lastKnownFileType = sourcecode.swift; path = Kind.swift; sourceTree = "<group>"; };
		864A70242889C6AE00B665AA /* WrapperType.swift */ = {isa = PBXFileReference; lastKnownFileType = sourcecode.swift; path = WrapperType.swift; sourceTree = "<group>"; };
		864A70272889D61C00B665AA /* CodingKeys.swift */ = {isa = PBXFileReference; lastKnownFileType = sourcecode.swift; path = CodingKeys.swift; sourceTree = "<group>"; };
		866DD78C2887E65C0095C784 /* iTunes.app */ = {isa = PBXFileReference; explicitFileType = wrapper.application; includeInIndex = 0; path = iTunes.app; sourceTree = BUILT_PRODUCTS_DIR; };
		866DD78F2887E65C0095C784 /* AppDelegate.swift */ = {isa = PBXFileReference; lastKnownFileType = sourcecode.swift; path = AppDelegate.swift; sourceTree = "<group>"; };
		866DD7912887E65C0095C784 /* SceneDelegate.swift */ = {isa = PBXFileReference; lastKnownFileType = sourcecode.swift; path = SceneDelegate.swift; sourceTree = "<group>"; };
		866DD7932887E65C0095C784 /* ViewController.swift */ = {isa = PBXFileReference; lastKnownFileType = sourcecode.swift; path = ViewController.swift; sourceTree = "<group>"; };
		866DD7962887E65C0095C784 /* Base */ = {isa = PBXFileReference; lastKnownFileType = file.storyboard; name = Base; path = Base.lproj/Main.storyboard; sourceTree = "<group>"; };
		866DD7992887E65C0095C784 /* iTunes.xcdatamodel */ = {isa = PBXFileReference; lastKnownFileType = wrapper.xcdatamodel; path = iTunes.xcdatamodel; sourceTree = "<group>"; };
		866DD79B2887E65D0095C784 /* Assets.xcassets */ = {isa = PBXFileReference; lastKnownFileType = folder.assetcatalog; path = Assets.xcassets; sourceTree = "<group>"; };
		866DD79E2887E65D0095C784 /* Base */ = {isa = PBXFileReference; lastKnownFileType = file.storyboard; name = Base; path = Base.lproj/LaunchScreen.storyboard; sourceTree = "<group>"; };
		866DD7A02887E65D0095C784 /* Info.plist */ = {isa = PBXFileReference; lastKnownFileType = text.plist.xml; path = Info.plist; sourceTree = "<group>"; };
		866DD7A8288863840095C784 /* MusicService.swift */ = {isa = PBXFileReference; lastKnownFileType = sourcecode.swift; path = MusicService.swift; sourceTree = "<group>"; };
		866DD7AA28886D950095C784 /* Song.swift */ = {isa = PBXFileReference; lastKnownFileType = sourcecode.swift; path = Song.swift; sourceTree = "<group>"; };
		866DD7AC28886DAA0095C784 /* Response.swift */ = {isa = PBXFileReference; lastKnownFileType = sourcecode.swift; path = Response.swift; sourceTree = "<group>"; };
/* End PBXFileReference section */

/* Begin PBXFrameworksBuildPhase section */
		866DD7892887E65C0095C784 /* Frameworks */ = {
			isa = PBXFrameworksBuildPhase;
			buildActionMask = 2147483647;
			files = (
			);
			runOnlyForDeploymentPostprocessing = 0;
		};
/* End PBXFrameworksBuildPhase section */

/* Begin PBXGroup section */
		864A70262889C73700B665AA /* Enums */ = {
			isa = PBXGroup;
			children = (
				864A701E2889C5B800B665AA /* Country.swift */,
				864A70202889C5FB00B665AA /* Currency.swift */,
				864A701C2889C52D00B665AA /* Explicitness.swift */,
				864A70222889C63500B665AA /* Kind.swift */,
				864A70242889C6AE00B665AA /* WrapperType.swift */,
				864A70272889D61C00B665AA /* CodingKeys.swift */,
			);
			path = Enums;
			sourceTree = "<group>";
		};
		866DD7832887E65C0095C784 = {
			isa = PBXGroup;
			children = (
				866DD78E2887E65C0095C784 /* iTunes */,
				866DD78D2887E65C0095C784 /* Products */,
			);
			sourceTree = "<group>";
		};
		866DD78D2887E65C0095C784 /* Products */ = {
			isa = PBXGroup;
			children = (
				866DD78C2887E65C0095C784 /* iTunes.app */,
			);
			name = Products;
			sourceTree = "<group>";
		};
		866DD78E2887E65C0095C784 /* iTunes */ = {
			isa = PBXGroup;
			children = (
				866DD78F2887E65C0095C784 /* AppDelegate.swift */,
				866DD7912887E65C0095C784 /* SceneDelegate.swift */,
				866DD7932887E65C0095C784 /* ViewController.swift */,
				866DD7A8288863840095C784 /* MusicService.swift */,
				866DD7AA28886D950095C784 /* Song.swift */,
				866DD7AC28886DAA0095C784 /* Response.swift */,
				864A70262889C73700B665AA /* Enums */,
				864A701A2889C33E00B665AA /* file.txt */,
				866DD7952887E65C0095C784 /* Main.storyboard */,
				866DD79B2887E65D0095C784 /* Assets.xcassets */,
				866DD79D2887E65D0095C784 /* LaunchScreen.storyboard */,
				866DD7A02887E65D0095C784 /* Info.plist */,
				866DD7982887E65C0095C784 /* iTunes.xcdatamodeld */,
			);
			path = iTunes;
			sourceTree = "<group>";
		};
/* End PBXGroup section */

/* Begin PBXNativeTarget section */
		866DD78B2887E65C0095C784 /* iTunes */ = {
			isa = PBXNativeTarget;
			buildConfigurationList = 866DD7A32887E65D0095C784 /* Build configuration list for PBXNativeTarget "iTunes" */;
			buildPhases = (
				866DD7882887E65C0095C784 /* Sources */,
				866DD7892887E65C0095C784 /* Frameworks */,
				866DD78A2887E65C0095C784 /* Resources */,
			);
			buildRules = (
			);
			dependencies = (
			);
			name = iTunes;
			productName = iTunes;
			productReference = 866DD78C2887E65C0095C784 /* iTunes.app */;
			productType = "com.apple.product-type.application";
		};
/* End PBXNativeTarget section */

/* Begin PBXProject section */
		866DD7842887E65C0095C784 /* Project object */ = {
			isa = PBXProject;
			attributes = {
				BuildIndependentTargetsInParallel = 1;
				LastSwiftUpdateCheck = 1340;
				LastUpgradeCheck = 1340;
				TargetAttributes = {
					866DD78B2887E65C0095C784 = {
						CreatedOnToolsVersion = 13.4.1;
					};
				};
			};
			buildConfigurationList = 866DD7872887E65C0095C784 /* Build configuration list for PBXProject "iTunes" */;
			compatibilityVersion = "Xcode 13.0";
			developmentRegion = en;
			hasScannedForEncodings = 0;
			knownRegions = (
				en,
				Base,
			);
			mainGroup = 866DD7832887E65C0095C784;
			productRefGroup = 866DD78D2887E65C0095C784 /* Products */;
			projectDirPath = "";
			projectRoot = "";
			targets = (
				866DD78B2887E65C0095C784 /* iTunes */,
			);
		};
/* End PBXProject section */

/* Begin PBXResourcesBuildPhase section */
		866DD78A2887E65C0095C784 /* Resources */ = {
			isa = PBXResourcesBuildPhase;
			buildActionMask = 2147483647;
			files = (
				864A701B2889C33F00B665AA /* file.txt in Resources */,
				866DD79F2887E65D0095C784 /* LaunchScreen.storyboard in Resources */,
				866DD79C2887E65D0095C784 /* Assets.xcassets in Resources */,
				866DD7972887E65C0095C784 /* Main.storyboard in Resources */,
			);
			runOnlyForDeploymentPostprocessing = 0;
		};
/* End PBXResourcesBuildPhase section */

/* Begin PBXSourcesBuildPhase section */
		866DD7882887E65C0095C784 /* Sources */ = {
			isa = PBXSourcesBuildPhase;
			buildActionMask = 2147483647;
			files = (
				864A701D2889C52D00B665AA /* Explicitness.swift in Sources */,
				864A701F2889C5B800B665AA /* Country.swift in Sources */,
				864A70282889D61C00B665AA /* CodingKeys.swift in Sources */,
				866DD7AB28886D950095C784 /* Song.swift in Sources */,
				864A70232889C63500B665AA /* Kind.swift in Sources */,
				866DD7942887E65C0095C784 /* ViewController.swift in Sources */,
				866DD7A9288863840095C784 /* MusicService.swift in Sources */,
				866DD7902887E65C0095C784 /* AppDelegate.swift in Sources */,
				864A70252889C6AE00B665AA /* WrapperType.swift in Sources */,
				864A70212889C5FB00B665AA /* Currency.swift in Sources */,
				866DD7922887E65C0095C784 /* SceneDelegate.swift in Sources */,
				866DD79A2887E65C0095C784 /* iTunes.xcdatamodeld in Sources */,
				866DD7AD28886DAA0095C784 /* Response.swift in Sources */,
			);
			runOnlyForDeploymentPostprocessing = 0;
		};
/* End PBXSourcesBuildPhase section */

/* Begin PBXVariantGroup section */
		866DD7952887E65C0095C784 /* Main.storyboard */ = {
			isa = PBXVariantGroup;
			children = (
				866DD7962887E65C0095C784 /* Base */,
			);
			name = Main.storyboard;
			sourceTree = "<group>";
		};
		866DD79D2887E65D0095C784 /* LaunchScreen.storyboard */ = {
			isa = PBXVariantGroup;
			children = (
				866DD79E2887E65D0095C784 /* Base */,
			);
			name = LaunchScreen.storyboard;
			sourceTree = "<group>";
		};
/* End PBXVariantGroup section */

/* Begin XCBuildConfiguration section */
		866DD7A12887E65D0095C784 /* Debug */ = {
			isa = XCBuildConfiguration;
			buildSettings = {
				ALWAYS_SEARCH_USER_PATHS = NO;
				CLANG_ANALYZER_NONNULL = YES;
				CLANG_ANALYZER_NUMBER_OBJECT_CONVERSION = YES_AGGRESSIVE;
				CLANG_CXX_LANGUAGE_STANDARD = "gnu++17";
				CLANG_ENABLE_MODULES = YES;
				CLANG_ENABLE_OBJC_ARC = YES;
				CLANG_ENABLE_OBJC_WEAK = YES;
				CLANG_WARN_BLOCK_CAPTURE_AUTORELEASING = YES;
				CLANG_WARN_BOOL_CONVERSION = YES;
				CLANG_WARN_COMMA = YES;
				CLANG_WARN_CONSTANT_CONVERSION = YES;
				CLANG_WARN_DEPRECATED_OBJC_IMPLEMENTATIONS = YES;
				CLANG_WARN_DIRECT_OBJC_ISA_USAGE = YES_ERROR;
				CLANG_WARN_DOCUMENTATION_COMMENTS = YES;
				CLANG_WARN_EMPTY_BODY = YES;
				CLANG_WARN_ENUM_CONVERSION = YES;
				CLANG_WARN_INFINITE_RECURSION = YES;
				CLANG_WARN_INT_CONVERSION = YES;
				CLANG_WARN_NON_LITERAL_NULL_CONVERSION = YES;
				CLANG_WARN_OBJC_IMPLICIT_RETAIN_SELF = YES;
				CLANG_WARN_OBJC_LITERAL_CONVERSION = YES;
				CLANG_WARN_OBJC_ROOT_CLASS = YES_ERROR;
				CLANG_WARN_QUOTED_INCLUDE_IN_FRAMEWORK_HEADER = YES;
				CLANG_WARN_RANGE_LOOP_ANALYSIS = YES;
				CLANG_WARN_STRICT_PROTOTYPES = YES;
				CLANG_WARN_SUSPICIOUS_MOVE = YES;
				CLANG_WARN_UNGUARDED_AVAILABILITY = YES_AGGRESSIVE;
				CLANG_WARN_UNREACHABLE_CODE = YES;
				CLANG_WARN__DUPLICATE_METHOD_MATCH = YES;
				COPY_PHASE_STRIP = NO;
				DEBUG_INFORMATION_FORMAT = dwarf;
				ENABLE_STRICT_OBJC_MSGSEND = YES;
				ENABLE_TESTABILITY = YES;
				GCC_C_LANGUAGE_STANDARD = gnu11;
				GCC_DYNAMIC_NO_PIC = NO;
				GCC_NO_COMMON_BLOCKS = YES;
				GCC_OPTIMIZATION_LEVEL = 0;
				GCC_PREPROCESSOR_DEFINITIONS = (
					"DEBUG=1",
					"$(inherited)",
				);
				GCC_WARN_64_TO_32_BIT_CONVERSION = YES;
				GCC_WARN_ABOUT_RETURN_TYPE = YES_ERROR;
				GCC_WARN_UNDECLARED_SELECTOR = YES;
				GCC_WARN_UNINITIALIZED_AUTOS = YES_AGGRESSIVE;
				GCC_WARN_UNUSED_FUNCTION = YES;
				GCC_WARN_UNUSED_VARIABLE = YES;
				IPHONEOS_DEPLOYMENT_TARGET = 15.5;
				MTL_ENABLE_DEBUG_INFO = INCLUDE_SOURCE;
				MTL_FAST_MATH = YES;
				ONLY_ACTIVE_ARCH = YES;
				SDKROOT = iphoneos;
				SWIFT_ACTIVE_COMPILATION_CONDITIONS = DEBUG;
				SWIFT_OPTIMIZATION_LEVEL = "-Onone";
			};
			name = Debug;
		};
		866DD7A22887E65D0095C784 /* Release */ = {
			isa = XCBuildConfiguration;
			buildSettings = {
				ALWAYS_SEARCH_USER_PATHS = NO;
				CLANG_ANALYZER_NONNULL = YES;
				CLANG_ANALYZER_NUMBER_OBJECT_CONVERSION = YES_AGGRESSIVE;
				CLANG_CXX_LANGUAGE_STANDARD = "gnu++17";
				CLANG_ENABLE_MODULES = YES;
				CLANG_ENABLE_OBJC_ARC = YES;
				CLANG_ENABLE_OBJC_WEAK = YES;
				CLANG_WARN_BLOCK_CAPTURE_AUTORELEASING = YES;
				CLANG_WARN_BOOL_CONVERSION = YES;
				CLANG_WARN_COMMA = YES;
				CLANG_WARN_CONSTANT_CONVERSION = YES;
				CLANG_WARN_DEPRECATED_OBJC_IMPLEMENTATIONS = YES;
				CLANG_WARN_DIRECT_OBJC_ISA_USAGE = YES_ERROR;
				CLANG_WARN_DOCUMENTATION_COMMENTS = YES;
				CLANG_WARN_EMPTY_BODY = YES;
				CLANG_WARN_ENUM_CONVERSION = YES;
				CLANG_WARN_INFINITE_RECURSION = YES;
				CLANG_WARN_INT_CONVERSION = YES;
				CLANG_WARN_NON_LITERAL_NULL_CONVERSION = YES;
				CLANG_WARN_OBJC_IMPLICIT_RETAIN_SELF = YES;
				CLANG_WARN_OBJC_LITERAL_CONVERSION = YES;
				CLANG_WARN_OBJC_ROOT_CLASS = YES_ERROR;
				CLANG_WARN_QUOTED_INCLUDE_IN_FRAMEWORK_HEADER = YES;
				CLANG_WARN_RANGE_LOOP_ANALYSIS = YES;
				CLANG_WARN_STRICT_PROTOTYPES = YES;
				CLANG_WARN_SUSPICIOUS_MOVE = YES;
				CLANG_WARN_UNGUARDED_AVAILABILITY = YES_AGGRESSIVE;
				CLANG_WARN_UNREACHABLE_CODE = YES;
				CLANG_WARN__DUPLICATE_METHOD_MATCH = YES;
				COPY_PHASE_STRIP = NO;
				DEBUG_INFORMATION_FORMAT = "dwarf-with-dsym";
				ENABLE_NS_ASSERTIONS = NO;
				ENABLE_STRICT_OBJC_MSGSEND = YES;
				GCC_C_LANGUAGE_STANDARD = gnu11;
				GCC_NO_COMMON_BLOCKS = YES;
				GCC_WARN_64_TO_32_BIT_CONVERSION = YES;
				GCC_WARN_ABOUT_RETURN_TYPE = YES_ERROR;
				GCC_WARN_UNDECLARED_SELECTOR = YES;
				GCC_WARN_UNINITIALIZED_AUTOS = YES_AGGRESSIVE;
				GCC_WARN_UNUSED_FUNCTION = YES;
				GCC_WARN_UNUSED_VARIABLE = YES;
				IPHONEOS_DEPLOYMENT_TARGET = 15.5;
				MTL_ENABLE_DEBUG_INFO = NO;
				MTL_FAST_MATH = YES;
				SDKROOT = iphoneos;
				SWIFT_COMPILATION_MODE = wholemodule;
				SWIFT_OPTIMIZATION_LEVEL = "-O";
				VALIDATE_PRODUCT = YES;
			};
			name = Release;
		};
		866DD7A42887E65D0095C784 /* Debug */ = {
			isa = XCBuildConfiguration;
			buildSettings = {
				ASSETCATALOG_COMPILER_APPICON_NAME = AppIcon;
				ASSETCATALOG_COMPILER_GLOBAL_ACCENT_COLOR_NAME = AccentColor;
				CODE_SIGN_STYLE = Automatic;
				CURRENT_PROJECT_VERSION = 1;
				DEVELOPMENT_TEAM = Q9GMKCF5AD;
				GENERATE_INFOPLIST_FILE = YES;
				INFOPLIST_FILE = iTunes/Info.plist;
				INFOPLIST_KEY_UIApplicationSupportsIndirectInputEvents = YES;
				INFOPLIST_KEY_UILaunchStoryboardName = LaunchScreen;
				INFOPLIST_KEY_UIMainStoryboardFile = Main;
				INFOPLIST_KEY_UISupportedInterfaceOrientations_iPad = "UIInterfaceOrientationPortrait UIInterfaceOrientationPortraitUpsideDown UIInterfaceOrientationLandscapeLeft UIInterfaceOrientationLandscapeRight";
				INFOPLIST_KEY_UISupportedInterfaceOrientations_iPhone = "UIInterfaceOrientationPortrait UIInterfaceOrientationLandscapeLeft UIInterfaceOrientationLandscapeRight";
				LD_RUNPATH_SEARCH_PATHS = (
					"$(inherited)",
					"@executable_path/Frameworks",
				);
				MARKETING_VERSION = 1.0;
				PRODUCT_BUNDLE_IDENTIFIER = com.michalkoks.iTunes;
				PRODUCT_NAME = "$(TARGET_NAME)";
				SWIFT_EMIT_LOC_STRINGS = YES;
				SWIFT_VERSION = 5.0;
				TARGETED_DEVICE_FAMILY = "1,2";
			};
			name = Debug;
		};
		866DD7A52887E65D0095C784 /* Release */ = {
			isa = XCBuildConfiguration;
			buildSettings = {
				ASSETCATALOG_COMPILER_APPICON_NAME = AppIcon;
				ASSETCATALOG_COMPILER_GLOBAL_ACCENT_COLOR_NAME = AccentColor;
				CODE_SIGN_STYLE = Automatic;
				CURRENT_PROJECT_VERSION = 1;
				DEVELOPMENT_TEAM = Q9GMKCF5AD;
				GENERATE_INFOPLIST_FILE = YES;
				INFOPLIST_FILE = iTunes/Info.plist;
				INFOPLIST_KEY_UIApplicationSupportsIndirectInputEvents = YES;
				INFOPLIST_KEY_UILaunchStoryboardName = LaunchScreen;
				INFOPLIST_KEY_UIMainStoryboardFile = Main;
				INFOPLIST_KEY_UISupportedInterfaceOrientations_iPad = "UIInterfaceOrientationPortrait UIInterfaceOrientationPortraitUpsideDown UIInterfaceOrientationLandscapeLeft UIInterfaceOrientationLandscapeRight";
				INFOPLIST_KEY_UISupportedInterfaceOrientations_iPhone = "UIInterfaceOrientationPortrait UIInterfaceOrientationLandscapeLeft UIInterfaceOrientationLandscapeRight";
				LD_RUNPATH_SEARCH_PATHS = (
					"$(inherited)",
					"@executable_path/Frameworks",
				);
				MARKETING_VERSION = 1.0;
				PRODUCT_BUNDLE_IDENTIFIER = com.michalkoks.iTunes;
				PRODUCT_NAME = "$(TARGET_NAME)";
				SWIFT_EMIT_LOC_STRINGS = YES;
				SWIFT_VERSION = 5.0;
				TARGETED_DEVICE_FAMILY = "1,2";
			};
			name = Release;
		};
/* End XCBuildConfiguration section */

/* Begin XCConfigurationList section */
		866DD7872887E65C0095C784 /* Build configuration list for PBXProject "iTunes" */ = {
			isa = XCConfigurationList;
			buildConfigurations = (
				866DD7A12887E65D0095C784 /* Debug */,
				866DD7A22887E65D0095C784 /* Release */,
			);
			defaultConfigurationIsVisible = 0;
			defaultConfigurationName = Release;
		};
		866DD7A32887E65D0095C784 /* Build configuration list for PBXNativeTarget "iTunes" */ = {
			isa = XCConfigurationList;
			buildConfigurations = (
				866DD7A42887E65D0095C784 /* Debug */,
				866DD7A52887E65D0095C784 /* Release */,
			);
			defaultConfigurationIsVisible = 0;
			defaultConfigurationName = Release;
		};
/* End XCConfigurationList section */

/* Begin XCVersionGroup section */
		866DD7982887E65C0095C784 /* iTunes.xcdatamodeld */ = {
			isa = XCVersionGroup;
			children = (
				866DD7992887E65C0095C784 /* iTunes.xcdatamodel */,
			);
			currentVersion = 866DD7992887E65C0095C784 /* iTunes.xcdatamodel */;
			path = iTunes.xcdatamodeld;
			sourceTree = "<group>";
			versionGroupType = wrapper.xcdatamodel;
		};
/* End XCVersionGroup section */
	};
	rootObject = 866DD7842887E65C0095C784 /* Project object */;
}
